<?xml version="1.0" encoding="utf-8"?>
<Project ToolsVersion="4.0" xmlns="http://schemas.microsoft.com/developer/msbuild/2003">
  <ItemGroup>
    <Filter Include="Source Files">
      <UniqueIdentifier>{4FC737F1-C7A5-4376-A066-2A32D752A2FF}</UniqueIdentifier>
      <Extensions>cpp;c;cc;cxx;c++;cppm;ixx;def;odl;idl;hpj;bat;asm;asmx</Extensions>
    </Filter>
    <Filter Include="Source Files\lib">
      <UniqueIdentifier>{cd9ec39f-31e2-4447-be7a-416ff105deac}</UniqueIdentifier>
    </Filter>
    <Filter Include="Source Files\objects">
      <UniqueIdentifier>{63de542c-c654-4f24-9b73-229bb598b4af}</UniqueIdentifier>
    </Filter>
    <Filter Include="Source Files\ligths">
      <UniqueIdentifier>{950cdf7a-4a8d-436c-b647-5736792ba6b9}</UniqueIdentifier>
    </Filter>
  </ItemGroup>
  <ItemGroup>
    <ClCompile Include="main.cpp">
      <Filter>Source Files</Filter>
    </ClCompile>
  </ItemGroup>
  <ItemGroup>
    <ClInclude Include="geometry.h">
      <Filter>Source Files\lib</Filter>
    </ClInclude>
    <ClInclude Include="object.h">
      <Filter>Source Files\objects</Filter>
    </ClInclude>
    <ClInclude Include="light.h">
      <Filter>Source Files\ligths</Filter>
    </ClInclude>
    <ClInclude Include="raytracing.h">
      <Filter>Source Files</Filter>
    </ClInclude>
    <ClInclude Include="sphere.h">
      <Filter>Source Files\objects</Filter>
    </ClInclude>
    <ClInclude Include="cuboid.h">
      <Filter>Source Files\objects</Filter>
    </ClInclude>
    <ClInclude Include="cylinder.h">
      <Filter>Source Files\objects</Filter>
    </ClInclude>
  </ItemGroup>
</Project>